
Microsoft Visual Studio Solution File, Format Version 12.00
# Visual Studio Version 17
VisualStudioVersion = 17.0.32126.317
MinimumVisualStudioVersion = 10.0.40219.1
Project("{9A19103F-16F7-4668-BE54-9A1E7A4F7556}") = "MATSEChessGUI", "MATSEChess\MATSEChessGUI.csproj", "{AE8AF2AC-F958-461D-A8DD-24F5B6E791D8}"
	ProjectSection(ProjectDependencies) = postProject
		{73ED4190-D8DF-42FE-8CFC-99EEB84BA1C6} = {73ED4190-D8DF-42FE-8CFC-99EEB84BA1C6}
	EndProjectSection
EndProject
Project("{9A19103F-16F7-4668-BE54-9A1E7A4F7556}") = "MATSEChessLogic", "MATSEChessLogic\MATSEChessLogic.csproj", "{73ED4190-D8DF-42FE-8CFC-99EEB84BA1C6}"
EndProject
Project("{9A19103F-16F7-4668-BE54-9A1E7A4F7556}") = "MATSEChessTest", "MATSEChessTest\MATSEChessTest.csproj", "{5CB60AE7-8C3A-4B7C-B22E-5FFD2B7D2743}"
EndProject
Global
	GlobalSection(SolutionConfigurationPlatforms) = preSolution
		Debug|Any CPU = Debug|Any CPU
		Release|Any CPU = Release|Any CPU
	EndGlobalSection
	GlobalSection(ProjectConfigurationPlatforms) = postSolution
		{AE8AF2AC-F958-461D-A8DD-24F5B6E791D8}.Debug|Any CPU.ActiveCfg = Debug|Any CPU
		{AE8AF2AC-F958-461D-A8DD-24F5B6E791D8}.Debug|Any CPU.Build.0 = Debug|Any CPU
		{AE8AF2AC-F958-461D-A8DD-24F5B6E791D8}.Release|Any CPU.ActiveCfg = Release|Any CPU
		{AE8AF2AC-F958-461D-A8DD-24F5B6E791D8}.Release|Any CPU.Build.0 = Release|Any CPU
		{73ED4190-D8DF-42FE-8CFC-99EEB84BA1C6}.Debug|Any CPU.ActiveCfg = Debug|Any CPU
		{73ED4190-D8DF-42FE-8CFC-99EEB84BA1C6}.Debug|Any CPU.Build.0 = Debug|Any CPU
		{73ED4190-D8DF-42FE-8CFC-99EEB84BA1C6}.Release|Any CPU.ActiveCfg = Release|Any CPU
		{73ED4190-D8DF-42FE-8CFC-99EEB84BA1C6}.Release|Any CPU.Build.0 = Release|Any CPU
		{5CB60AE7-8C3A-4B7C-B22E-5FFD2B7D2743}.Debug|Any CPU.ActiveCfg = Debug|Any CPU
		{5CB60AE7-8C3A-4B7C-B22E-5FFD2B7D2743}.Debug|Any CPU.Build.0 = Debug|Any CPU
		{5CB60AE7-8C3A-4B7C-B22E-5FFD2B7D2743}.Release|Any CPU.ActiveCfg = Release|Any CPU
		{5CB60AE7-8C3A-4B7C-B22E-5FFD2B7D2743}.Release|Any CPU.Build.0 = Release|Any CPU
	EndGlobalSection
	GlobalSection(SolutionProperties) = preSolution
		HideSolutionNode = FALSE
	EndGlobalSection
	GlobalSection(ExtensibilityGlobals) = postSolution
		SolutionGuid = {7E5049EB-85A8-4F67-829E-68082ECAE235}
	EndGlobalSection
EndGlobal
